<Solution>
  <Folder Name="/src/">
    <Project Path="src/Cronolink.Api/Cronolink.Api.csproj" />
    <Project Path="src/Cronolink.Core/Cronolink.Core.csproj" />
    <Project Path="src/Cronolink.Infrastructure/Cronolink.Infrastructure.csproj" />
  </Folder>
  <Folder Name="/tests/">
    <Project Path="tests/Cronolink.Tests/Cronolink.Tests.csproj" />
  </Folder>
</Solution>
